{
  "name": "y",
  "lockfileVersion": 3,
  "requires": true,
  "packages": {
    "": {
      "dependencies": {
        "tonl": "^1.0.12"
      }
    },
    "node_modules/tonl": {
      "version": "1.0.12",
      "resolved": "https://registry.npmjs.org/tonl/-/tonl-1.0.12.tgz",
      "integrity": "sha512-SEhu12Yj6wo2D+gRm7x2Nehl66ATCbVRW5Vd6XSA9OKskjruPKU+LQORmDjv2Z58zjagydLHy1J1ZH3qTzQhxQ==",
      "license": "MIT",
      "bin": {
        "tonl": "dist/cli.js"
      },
      "engines": {
        "node": ">=18.0.0"
      }
    }
  }
}
